
Microsoft Visual Studio Solution File, Format Version 12.00
# Visual Studio Version 16
VisualStudioVersion = 16.0.31112.23
MinimumVisualStudioVersion = 10.0.40219.1
Project("{FAE04EC0-301F-11D3-BF4B-00C04F79EFBC}") = "VariablesExercise2021", "VariablesExercise2021.csproj", "{934E861F-1CDD-42CF-8FBB-6F6F0F757518}"
EndProject
Global
	GlobalSection(SolutionConfigurationPlatforms) = preSolution
		Debug|Any CPU = Debug|Any CPU
		Release|Any CPU = Release|Any CPU
	EndGlobalSection
	GlobalSection(ProjectConfigurationPlatforms) = postSolution
		{934E861F-1CDD-42CF-8FBB-6F6F0F757518}.Debug|Any CPU.ActiveCfg = Debug|Any CPU
		{934E861F-1CDD-42CF-8FBB-6F6F0F757518}.Debug|Any CPU.Build.0 = Debug|Any CPU
		{934E861F-1CDD-42CF-8FBB-6F6F0F757518}.Release|Any CPU.ActiveCfg = Release|Any CPU
		{934E861F-1CDD-42CF-8FBB-6F6F0F757518}.Release|Any CPU.Build.0 = Release|Any CPU
	EndGlobalSection
	GlobalSection(SolutionProperties) = preSolution
		HideSolutionNode = FALSE
	EndGlobalSection
	GlobalSection(ExtensibilityGlobals) = postSolution
		SolutionGuid = {6EC3DCE1-F545-40DD-88C0-385462F189D2}
	EndGlobalSection
EndGlobal
